# This file is automatically @generated by Cargo.
# It is not intended for manual editing.
version = 3

[[package]]
name = "mail_box_factory"
version = "0.1.0"
dependencies = [
 "anchor-lang",
 "anchor-spl",
]

[[package]]
name = "mail_service"
version = "0.1.0"
dependencies = [
 "anchor-lang",
 "anchor-spl",
]

[[package]]
name = "mailer"
version = "0.1.0"
dependencies = [
 "anchor-lang",
 "anchor-spl",
]

# This is a minimal lockfile - anchor build will populate full dependencies